
Microsoft Visual Studio Solution File, Format Version 12.00
# Visual Studio Version 17
VisualStudioVersion = 17.0.31919.166
MinimumVisualStudioVersion = 10.0.40219.1
Project("{2150E333-8FDC-42A3-9474-1A3956D46DE8}") = "01 - Testes de Unildade", "01 - Testes de Unildade", "{FF72DE20-4461-4A68-BDF1-5977F8ADBEDC}"
EndProject
Project("{2150E333-8FDC-42A3-9474-1A3956D46DE8}") = "1.1 - Testes Basicos", "1.1 - Testes Basicos", "{29E55772-307C-48D9-84A9-7E5160DF99EA}"
EndProject
Project("{9A19103F-16F7-4668-BE54-9A1E7A4F7556}") = "Demo", "01 - Testes de Unidade\Demo\Demo.csproj", "{AF78DE56-7F56-4D72-A3E3-FCA83E3397A0}"
EndProject
Project("{9A19103F-16F7-4668-BE54-9A1E7A4F7556}") = "Demo.Tests", "01 - Testes de Unidade\Demo.Tests\Demo.Tests.csproj", "{5C25586D-FC95-43D2-911D-2F3CF4EC589A}"
EndProject
Project("{2150E333-8FDC-42A3-9474-1A3956D46DE8}") = "2.2 - Features", "2.2 - Features", "{394A6575-D7A4-4A3F-939E-257499DBFC7C}"
EndProject
Project("{9A19103F-16F7-4668-BE54-9A1E7A4F7556}") = "Features", "01 - Testes de Unidade\Features\Features.csproj", "{D6943975-238E-456E-9E72-02842E1D1DE1}"
EndProject
Project("{9A19103F-16F7-4668-BE54-9A1E7A4F7556}") = "Features.Tests", "01 - Testes de Unidade\Features.Tests\Features.Tests.csproj", "{3D5E4898-41A7-4BA2-A785-54A8D7B720AF}"
EndProject
Project("{2150E333-8FDC-42A3-9474-1A3956D46DE8}") = "02 - TDD", "02 - TDD", "{2B98683C-EF0F-4085-8962-DB00C4AADE4F}"
EndProject
Project("{2150E333-8FDC-42A3-9474-1A3956D46DE8}") = "Tests", "Tests", "{899BE0D6-A000-499D-A6EF-B9E9D94BEBD2}"
EndProject
Project("{9A19103F-16F7-4668-BE54-9A1E7A4F7556}") = "NerdStore.Vendas.Application.Tests", "02 - TDD\tests\NerdStore.Vendas.Application.Tests\NerdStore.Vendas.Application.Tests.csproj", "{F0B930D2-2F5D-4336-8FD6-1765E326CBBA}"
EndProject
Project("{9A19103F-16F7-4668-BE54-9A1E7A4F7556}") = "NerdStore.Vendas.Domain.Tests", "02 - TDD\tests\NerdStore.Vendas.Domain.Tests\NerdStore.Vendas.Domain.Tests.csproj", "{0BBD4BC6-F2F9-4880-981F-8B480ED76343}"
EndProject
Project("{9A19103F-16F7-4668-BE54-9A1E7A4F7556}") = "NerdStore.Vendas.Domain", "02 - TDD\src\NerdStore.Vendas.Domain\NerdStore.Vendas.Domain.csproj", "{E5B790AB-9477-415E-857B-1CC258EDFA34}"
EndProject
Project("{9A19103F-16F7-4668-BE54-9A1E7A4F7556}") = "NerdStore.Core", "02 - TDD\src\NerdStore.Core\NerdStore.Core.csproj", "{DB08BAC2-4A20-4EF6-8706-7CC3148D9D55}"
EndProject
Project("{9A19103F-16F7-4668-BE54-9A1E7A4F7556}") = "NerdStore.Vendas.Application", "02 - TDD\src\NerdStore.Vendas.Application\NerdStore.Vendas.Application.csproj", "{018AA5B5-DD11-43F7-8EC6-642395AE401F}"
EndProject
Project("{9A19103F-16F7-4668-BE54-9A1E7A4F7556}") = "NerdStore.Vendas.Data", "02 - TDD\src\NerdStore.Vendas.Data\NerdStore.Vendas.Data.csproj", "{CFF1DD04-BF6F-4ACD-B508-2772CFA3AF60}"
EndProject
Project("{2150E333-8FDC-42A3-9474-1A3956D46DE8}") = "03 - Testes de Integracao", "03 - Testes de Integracao", "{DE89567D-DA4A-43DA-9A02-DB826284851A}"
EndProject
Project("{9A19103F-16F7-4668-BE54-9A1E7A4F7556}") = "NerdStore.Catalogo.Application", "03 - Testes de Integracao\src\NerdStore.Catalogo.Application\NerdStore.Catalogo.Application.csproj", "{1AEEDA93-28EE-4D74-84A6-4E0DDEAF7324}"
EndProject
Project("{9A19103F-16F7-4668-BE54-9A1E7A4F7556}") = "NerdStore.Catalogo.Data", "03 - Testes de Integracao\src\NerdStore.Catalogo.Data\NerdStore.Catalogo.Data.csproj", "{573AEBB8-63BF-434D-A8C4-4C638B8E3EB5}"
EndProject
Project("{9A19103F-16F7-4668-BE54-9A1E7A4F7556}") = "NerdStore.Catalogo.Domain", "03 - Testes de Integracao\src\NerdStore.Catalogo.Domain\NerdStore.Catalogo.Domain.csproj", "{EB1E2504-2E0F-4DC3-A790-1ADFB8768D02}"
EndProject
Project("{2150E333-8FDC-42A3-9474-1A3956D46DE8}") = "Integration Tests", "Integration Tests", "{CA22E9C4-7586-41E0-AD37-69803581B845}"
EndProject
Project("{9A19103F-16F7-4668-BE54-9A1E7A4F7556}") = "NerdStore.WebApp.Tests", "03 - Testes de Integracao\tests\NerdStore.WebApp.Tests\NerdStore.WebApp.Tests.csproj", "{298C2101-D3F0-4133-BE11-08BF758F41E4}"
EndProject
Project("{FAE04EC0-301F-11D3-BF4B-00C04F79EFBC}") = "NerdStore.WebApp.MVC", "03 - Testes de Integracao\src\NerdStore.WebApp.MVC\NerdStore.WebApp.MVC.csproj", "{1649AAF6-2593-4B7E-B866-6FA92AD6EE31}"
EndProject
Global
	GlobalSection(SolutionConfigurationPlatforms) = preSolution
		Debug|Any CPU = Debug|Any CPU
		Release|Any CPU = Release|Any CPU
	EndGlobalSection
	GlobalSection(ProjectConfigurationPlatforms) = postSolution
		{AF78DE56-7F56-4D72-A3E3-FCA83E3397A0}.Debug|Any CPU.ActiveCfg = Debug|Any CPU
		{AF78DE56-7F56-4D72-A3E3-FCA83E3397A0}.Debug|Any CPU.Build.0 = Debug|Any CPU
		{AF78DE56-7F56-4D72-A3E3-FCA83E3397A0}.Release|Any CPU.ActiveCfg = Release|Any CPU
		{AF78DE56-7F56-4D72-A3E3-FCA83E3397A0}.Release|Any CPU.Build.0 = Release|Any CPU
		{5C25586D-FC95-43D2-911D-2F3CF4EC589A}.Debug|Any CPU.ActiveCfg = Debug|Any CPU
		{5C25586D-FC95-43D2-911D-2F3CF4EC589A}.Debug|Any CPU.Build.0 = Debug|Any CPU
		{5C25586D-FC95-43D2-911D-2F3CF4EC589A}.Release|Any CPU.ActiveCfg = Release|Any CPU
		{5C25586D-FC95-43D2-911D-2F3CF4EC589A}.Release|Any CPU.Build.0 = Release|Any CPU
		{D6943975-238E-456E-9E72-02842E1D1DE1}.Debug|Any CPU.ActiveCfg = Debug|Any CPU
		{D6943975-238E-456E-9E72-02842E1D1DE1}.Debug|Any CPU.Build.0 = Debug|Any CPU
		{D6943975-238E-456E-9E72-02842E1D1DE1}.Release|Any CPU.ActiveCfg = Release|Any CPU
		{D6943975-238E-456E-9E72-02842E1D1DE1}.Release|Any CPU.Build.0 = Release|Any CPU
		{3D5E4898-41A7-4BA2-A785-54A8D7B720AF}.Debug|Any CPU.ActiveCfg = Debug|Any CPU
		{3D5E4898-41A7-4BA2-A785-54A8D7B720AF}.Debug|Any CPU.Build.0 = Debug|Any CPU
		{3D5E4898-41A7-4BA2-A785-54A8D7B720AF}.Release|Any CPU.ActiveCfg = Release|Any CPU
		{3D5E4898-41A7-4BA2-A785-54A8D7B720AF}.Release|Any CPU.Build.0 = Release|Any CPU
		{F0B930D2-2F5D-4336-8FD6-1765E326CBBA}.Debug|Any CPU.ActiveCfg = Debug|Any CPU
		{F0B930D2-2F5D-4336-8FD6-1765E326CBBA}.Debug|Any CPU.Build.0 = Debug|Any CPU
		{F0B930D2-2F5D-4336-8FD6-1765E326CBBA}.Release|Any CPU.ActiveCfg = Release|Any CPU
		{F0B930D2-2F5D-4336-8FD6-1765E326CBBA}.Release|Any CPU.Build.0 = Release|Any CPU
		{0BBD4BC6-F2F9-4880-981F-8B480ED76343}.Debug|Any CPU.ActiveCfg = Debug|Any CPU
		{0BBD4BC6-F2F9-4880-981F-8B480ED76343}.Debug|Any CPU.Build.0 = Debug|Any CPU
		{0BBD4BC6-F2F9-4880-981F-8B480ED76343}.Release|Any CPU.ActiveCfg = Release|Any CPU
		{0BBD4BC6-F2F9-4880-981F-8B480ED76343}.Release|Any CPU.Build.0 = Release|Any CPU
		{E5B790AB-9477-415E-857B-1CC258EDFA34}.Debug|Any CPU.ActiveCfg = Debug|Any CPU
		{E5B790AB-9477-415E-857B-1CC258EDFA34}.Debug|Any CPU.Build.0 = Debug|Any CPU
		{E5B790AB-9477-415E-857B-1CC258EDFA34}.Release|Any CPU.ActiveCfg = Release|Any CPU
		{E5B790AB-9477-415E-857B-1CC258EDFA34}.Release|Any CPU.Build.0 = Release|Any CPU
		{DB08BAC2-4A20-4EF6-8706-7CC3148D9D55}.Debug|Any CPU.ActiveCfg = Debug|Any CPU
		{DB08BAC2-4A20-4EF6-8706-7CC3148D9D55}.Debug|Any CPU.Build.0 = Debug|Any CPU
		{DB08BAC2-4A20-4EF6-8706-7CC3148D9D55}.Release|Any CPU.ActiveCfg = Release|Any CPU
		{DB08BAC2-4A20-4EF6-8706-7CC3148D9D55}.Release|Any CPU.Build.0 = Release|Any CPU
		{018AA5B5-DD11-43F7-8EC6-642395AE401F}.Debug|Any CPU.ActiveCfg = Debug|Any CPU
		{018AA5B5-DD11-43F7-8EC6-642395AE401F}.Debug|Any CPU.Build.0 = Debug|Any CPU
		{018AA5B5-DD11-43F7-8EC6-642395AE401F}.Release|Any CPU.ActiveCfg = Release|Any CPU
		{018AA5B5-DD11-43F7-8EC6-642395AE401F}.Release|Any CPU.Build.0 = Release|Any CPU
		{CFF1DD04-BF6F-4ACD-B508-2772CFA3AF60}.Debug|Any CPU.ActiveCfg = Debug|Any CPU
		{CFF1DD04-BF6F-4ACD-B508-2772CFA3AF60}.Debug|Any CPU.Build.0 = Debug|Any CPU
		{CFF1DD04-BF6F-4ACD-B508-2772CFA3AF60}.Release|Any CPU.ActiveCfg = Release|Any CPU
		{CFF1DD04-BF6F-4ACD-B508-2772CFA3AF60}.Release|Any CPU.Build.0 = Release|Any CPU
		{1AEEDA93-28EE-4D74-84A6-4E0DDEAF7324}.Debug|Any CPU.ActiveCfg = Debug|Any CPU
		{1AEEDA93-28EE-4D74-84A6-4E0DDEAF7324}.Debug|Any CPU.Build.0 = Debug|Any CPU
		{1AEEDA93-28EE-4D74-84A6-4E0DDEAF7324}.Release|Any CPU.ActiveCfg = Release|Any CPU
		{1AEEDA93-28EE-4D74-84A6-4E0DDEAF7324}.Release|Any CPU.Build.0 = Release|Any CPU
		{573AEBB8-63BF-434D-A8C4-4C638B8E3EB5}.Debug|Any CPU.ActiveCfg = Debug|Any CPU
		{573AEBB8-63BF-434D-A8C4-4C638B8E3EB5}.Debug|Any CPU.Build.0 = Debug|Any CPU
		{573AEBB8-63BF-434D-A8C4-4C638B8E3EB5}.Release|Any CPU.ActiveCfg = Release|Any CPU
		{573AEBB8-63BF-434D-A8C4-4C638B8E3EB5}.Release|Any CPU.Build.0 = Release|Any CPU
		{EB1E2504-2E0F-4DC3-A790-1ADFB8768D02}.Debug|Any CPU.ActiveCfg = Debug|Any CPU
		{EB1E2504-2E0F-4DC3-A790-1ADFB8768D02}.Debug|Any CPU.Build.0 = Debug|Any CPU
		{EB1E2504-2E0F-4DC3-A790-1ADFB8768D02}.Release|Any CPU.ActiveCfg = Release|Any CPU
		{EB1E2504-2E0F-4DC3-A790-1ADFB8768D02}.Release|Any CPU.Build.0 = Release|Any CPU
		{298C2101-D3F0-4133-BE11-08BF758F41E4}.Debug|Any CPU.ActiveCfg = Debug|Any CPU
		{298C2101-D3F0-4133-BE11-08BF758F41E4}.Debug|Any CPU.Build.0 = Debug|Any CPU
		{298C2101-D3F0-4133-BE11-08BF758F41E4}.Release|Any CPU.ActiveCfg = Release|Any CPU
		{298C2101-D3F0-4133-BE11-08BF758F41E4}.Release|Any CPU.Build.0 = Release|Any CPU
		{1649AAF6-2593-4B7E-B866-6FA92AD6EE31}.Debug|Any CPU.ActiveCfg = Debug|Any CPU
		{1649AAF6-2593-4B7E-B866-6FA92AD6EE31}.Debug|Any CPU.Build.0 = Debug|Any CPU
		{1649AAF6-2593-4B7E-B866-6FA92AD6EE31}.Release|Any CPU.ActiveCfg = Release|Any CPU
		{1649AAF6-2593-4B7E-B866-6FA92AD6EE31}.Release|Any CPU.Build.0 = Release|Any CPU
	EndGlobalSection
	GlobalSection(SolutionProperties) = preSolution
		HideSolutionNode = FALSE
	EndGlobalSection
	GlobalSection(NestedProjects) = preSolution
		{29E55772-307C-48D9-84A9-7E5160DF99EA} = {FF72DE20-4461-4A68-BDF1-5977F8ADBEDC}
		{AF78DE56-7F56-4D72-A3E3-FCA83E3397A0} = {29E55772-307C-48D9-84A9-7E5160DF99EA}
		{5C25586D-FC95-43D2-911D-2F3CF4EC589A} = {29E55772-307C-48D9-84A9-7E5160DF99EA}
		{394A6575-D7A4-4A3F-939E-257499DBFC7C} = {FF72DE20-4461-4A68-BDF1-5977F8ADBEDC}
		{D6943975-238E-456E-9E72-02842E1D1DE1} = {394A6575-D7A4-4A3F-939E-257499DBFC7C}
		{3D5E4898-41A7-4BA2-A785-54A8D7B720AF} = {394A6575-D7A4-4A3F-939E-257499DBFC7C}
		{899BE0D6-A000-499D-A6EF-B9E9D94BEBD2} = {2B98683C-EF0F-4085-8962-DB00C4AADE4F}
		{F0B930D2-2F5D-4336-8FD6-1765E326CBBA} = {899BE0D6-A000-499D-A6EF-B9E9D94BEBD2}
		{0BBD4BC6-F2F9-4880-981F-8B480ED76343} = {899BE0D6-A000-499D-A6EF-B9E9D94BEBD2}
		{E5B790AB-9477-415E-857B-1CC258EDFA34} = {2B98683C-EF0F-4085-8962-DB00C4AADE4F}
		{DB08BAC2-4A20-4EF6-8706-7CC3148D9D55} = {2B98683C-EF0F-4085-8962-DB00C4AADE4F}
		{018AA5B5-DD11-43F7-8EC6-642395AE401F} = {2B98683C-EF0F-4085-8962-DB00C4AADE4F}
		{CFF1DD04-BF6F-4ACD-B508-2772CFA3AF60} = {2B98683C-EF0F-4085-8962-DB00C4AADE4F}
		{1AEEDA93-28EE-4D74-84A6-4E0DDEAF7324} = {DE89567D-DA4A-43DA-9A02-DB826284851A}
		{573AEBB8-63BF-434D-A8C4-4C638B8E3EB5} = {DE89567D-DA4A-43DA-9A02-DB826284851A}
		{EB1E2504-2E0F-4DC3-A790-1ADFB8768D02} = {DE89567D-DA4A-43DA-9A02-DB826284851A}
		{CA22E9C4-7586-41E0-AD37-69803581B845} = {DE89567D-DA4A-43DA-9A02-DB826284851A}
		{298C2101-D3F0-4133-BE11-08BF758F41E4} = {CA22E9C4-7586-41E0-AD37-69803581B845}
		{1649AAF6-2593-4B7E-B866-6FA92AD6EE31} = {DE89567D-DA4A-43DA-9A02-DB826284851A}
	EndGlobalSection
	GlobalSection(ExtensibilityGlobals) = postSolution
		SolutionGuid = {5A6BE6A2-E3CA-4DEF-9DE6-745872B4BCE4}
	EndGlobalSection
EndGlobal
